
Microsoft Visual Studio Solution File, Format Version 12.00
# Visual Studio Version 16
VisualStudioVersion = 16.0.30804.86
MinimumVisualStudioVersion = 15.0.26124.0
Project("{9A19103F-16F7-4668-BE54-9A1E7A4F7556}") = "ConsoleApp", "ConsoleApp\ConsoleApp.csproj", "{7E202653-6622-46E6-82D6-D3BD1E30C630}"
EndProject
Project("{9A19103F-16F7-4668-BE54-9A1E7A4F7556}") = "ConsoleApp.Tests", "ConsoleApp.Tests\ConsoleApp.Tests.csproj", "{2764D1A9-5934-48AB-9F10-249866933A0B}"
EndProject
Project("{FAE04EC0-301F-11D3-BF4B-00C04F79EFBC}") = "MvcApp", "MvcApp\MvcApp.csproj", "{31BD8289-E677-44B6-ABC3-5E202F3AF160}"
EndProject
Global
	GlobalSection(SolutionConfigurationPlatforms) = preSolution
		Debug|Any CPU = Debug|Any CPU
		Debug|x64 = Debug|x64
		Debug|x86 = Debug|x86
		Release|Any CPU = Release|Any CPU
		Release|x64 = Release|x64
		Release|x86 = Release|x86
	EndGlobalSection
	GlobalSection(ProjectConfigurationPlatforms) = postSolution
		{7E202653-6622-46E6-82D6-D3BD1E30C630}.Debug|Any CPU.ActiveCfg = Debug|Any CPU
		{7E202653-6622-46E6-82D6-D3BD1E30C630}.Debug|Any CPU.Build.0 = Debug|Any CPU
		{7E202653-6622-46E6-82D6-D3BD1E30C630}.Debug|x64.ActiveCfg = Debug|Any CPU
		{7E202653-6622-46E6-82D6-D3BD1E30C630}.Debug|x64.Build.0 = Debug|Any CPU
		{7E202653-6622-46E6-82D6-D3BD1E30C630}.Debug|x86.ActiveCfg = Debug|Any CPU
		{7E202653-6622-46E6-82D6-D3BD1E30C630}.Debug|x86.Build.0 = Debug|Any CPU
		{7E202653-6622-46E6-82D6-D3BD1E30C630}.Release|Any CPU.ActiveCfg = Release|Any CPU
		{7E202653-6622-46E6-82D6-D3BD1E30C630}.Release|Any CPU.Build.0 = Release|Any CPU
		{7E202653-6622-46E6-82D6-D3BD1E30C630}.Release|x64.ActiveCfg = Release|Any CPU
		{7E202653-6622-46E6-82D6-D3BD1E30C630}.Release|x64.Build.0 = Release|Any CPU
		{7E202653-6622-46E6-82D6-D3BD1E30C630}.Release|x86.ActiveCfg = Release|Any CPU
		{7E202653-6622-46E6-82D6-D3BD1E30C630}.Release|x86.Build.0 = Release|Any CPU
		{2764D1A9-5934-48AB-9F10-249866933A0B}.Debug|Any CPU.ActiveCfg = Debug|Any CPU
		{2764D1A9-5934-48AB-9F10-249866933A0B}.Debug|Any CPU.Build.0 = Debug|Any CPU
		{2764D1A9-5934-48AB-9F10-249866933A0B}.Debug|x64.ActiveCfg = Debug|Any CPU
		{2764D1A9-5934-48AB-9F10-249866933A0B}.Debug|x64.Build.0 = Debug|Any CPU
		{2764D1A9-5934-48AB-9F10-249866933A0B}.Debug|x86.ActiveCfg = Debug|Any CPU
		{2764D1A9-5934-48AB-9F10-249866933A0B}.Debug|x86.Build.0 = Debug|Any CPU
		{2764D1A9-5934-48AB-9F10-249866933A0B}.Release|Any CPU.ActiveCfg = Release|Any CPU
		{2764D1A9-5934-48AB-9F10-249866933A0B}.Release|Any CPU.Build.0 = Release|Any CPU
		{2764D1A9-5934-48AB-9F10-249866933A0B}.Release|x64.ActiveCfg = Release|Any CPU
		{2764D1A9-5934-48AB-9F10-249866933A0B}.Release|x64.Build.0 = Release|Any CPU
		{2764D1A9-5934-48AB-9F10-249866933A0B}.Release|x86.ActiveCfg = Release|Any CPU
		{2764D1A9-5934-48AB-9F10-249866933A0B}.Release|x86.Build.0 = Release|Any CPU
		{31BD8289-E677-44B6-ABC3-5E202F3AF160}.Debug|Any CPU.ActiveCfg = Debug|Any CPU
		{31BD8289-E677-44B6-ABC3-5E202F3AF160}.Debug|Any CPU.Build.0 = Debug|Any CPU
		{31BD8289-E677-44B6-ABC3-5E202F3AF160}.Debug|x64.ActiveCfg = Debug|Any CPU
		{31BD8289-E677-44B6-ABC3-5E202F3AF160}.Debug|x64.Build.0 = Debug|Any CPU
		{31BD8289-E677-44B6-ABC3-5E202F3AF160}.Debug|x86.ActiveCfg = Debug|Any CPU
		{31BD8289-E677-44B6-ABC3-5E202F3AF160}.Debug|x86.Build.0 = Debug|Any CPU
		{31BD8289-E677-44B6-ABC3-5E202F3AF160}.Release|Any CPU.ActiveCfg = Release|Any CPU
		{31BD8289-E677-44B6-ABC3-5E202F3AF160}.Release|Any CPU.Build.0 = Release|Any CPU
		{31BD8289-E677-44B6-ABC3-5E202F3AF160}.Release|x64.ActiveCfg = Release|Any CPU
		{31BD8289-E677-44B6-ABC3-5E202F3AF160}.Release|x64.Build.0 = Release|Any CPU
		{31BD8289-E677-44B6-ABC3-5E202F3AF160}.Release|x86.ActiveCfg = Release|Any CPU
		{31BD8289-E677-44B6-ABC3-5E202F3AF160}.Release|x86.Build.0 = Release|Any CPU
	EndGlobalSection
	GlobalSection(SolutionProperties) = preSolution
		HideSolutionNode = FALSE
	EndGlobalSection
	GlobalSection(ExtensibilityGlobals) = postSolution
		SolutionGuid = {73DD5C2F-5538-4469-A295-19B7D2BF2FB5}
	EndGlobalSection
EndGlobal
